// !$*UTF8*$!
{
	archiveVersion = 1;
	classes = {
	};
	objectVersion = 46;
	objects = {

/* Begin PBXBuildFile section */
		5C224EFB14A97597005B6FF9 /* UIKit.framework in Frameworks */ = {isa = PBXBuildFile; fileRef = 5C224EFA14A97597005B6FF9 /* UIKit.framework */; };
		5C224EFD14A97597005B6FF9 /* Foundation.framework in Frameworks */ = {isa = PBXBuildFile; fileRef = 5C224EFC14A97597005B6FF9 /* Foundation.framework */; };
		5C224EFF14A97597005B6FF9 /* CoreGraphics.framework in Frameworks */ = {isa = PBXBuildFile; fileRef = 5C224EFE14A97597005B6FF9 /* CoreGraphics.framework */; };
		5C224F0514A97597005B6FF9 /* InfoPlist.strings in Resources */ = {isa = PBXBuildFile; fileRef = 5C224F0314A97597005B6FF9 /* InfoPlist.strings */; };
		5C224F0714A97597005B6FF9 /* main.m in Sources */ = {isa = PBXBuildFile; fileRef = 5C224F0614A97597005B6FF9 /* main.m */; };
		5C224F0B14A97597005B6FF9 /* AppDelegate.m in Sources */ = {isa = PBXBuildFile; fileRef = 5C224F0A14A97597005B6FF9 /* AppDelegate.m */; };
		5C224F0E14A97597005B6FF9 /* MainStoryboard.storyboard in Resources */ = {isa = PBXBuildFile; fileRef = 5C224F0C14A97597005B6FF9 /* MainStoryboard.storyboard */; };
		5C224F1114A97597005B6FF9 /* ViewController.m in Sources */ = {isa = PBXBuildFile; fileRef = 5C224F1014A97597005B6FF9 /* ViewController.m */; };
/* End PBXBuildFile section */

/* Begin PBXFileReference section */
		5C224EF614A97597005B6FF9 /* Tiny Tower Editor.app */ = {isa = PBXFileReference; explicitFileType = wrapper.application; includeInIndex = 0; path = "Tiny Tower Editor.app"; sourceTree = BUILT_PRODUCTS_DIR; };
		5C224EFA14A97597005B6FF9 /* UIKit.framework */ = {isa = PBXFileReference; lastKnownFileType = wrapper.framework; name = UIKit.framework; path = System/Library/Frameworks/UIKit.framework; sourceTree = SDKROOT; };
		5C224EFC14A97597005B6FF9 /* Foundation.framework */ = {isa = PBXFileReference; lastKnownFileType = wrapper.framework; name = Foundation.framework; path = System/Library/Frameworks/Foundation.framework; sourceTree = SDKROOT; };
		5C224EFE14A97597005B6FF9 /* CoreGraphics.framework */ = {isa = PBXFileReference; lastKnownFileType = wrapper.framework; name = CoreGraphics.framework; path = System/Library/Frameworks/CoreGraphics.framework; sourceTree = SDKROOT; };
		5C224F0214A97597005B6FF9 /* Tiny Tower Editor-Info.plist */ = {isa = PBXFileReference; path = "Tiny Tower Editor-Info.plist"; sourceTree = "<group>"; };
		5C224F0414A97597005B6FF9 /* en */ = {isa = PBXFileReference; lastKnownFileType = text.plist.strings; name = en; path = en.lproj/InfoPlist.strings; sourceTree = "<group>"; };
		5C224F0614A97597005B6FF9 /* main.m */ = {isa = PBXFileReference; lastKnownFileType = sourcecode.c.objc; path = main.m; sourceTree = "<group>"; };
		5C224F0814A97597005B6FF9 /* Tiny Tower Editor-Prefix.pch */ = {isa = PBXFileReference; path = "Tiny Tower Editor-Prefix.pch"; sourceTree = "<group>"; };
		5C224F0914A97597005B6FF9 /* AppDelegate.h */ = {isa = PBXFileReference; path = AppDelegate.h; sourceTree = "<group>"; };
		5C224F0A14A97597005B6FF9 /* AppDelegate.m */ = {isa = PBXFileReference; lastKnownFileType = sourcecode.c.objc; path = AppDelegate.m; sourceTree = "<group>"; };
		5C224F0D14A97597005B6FF9 /* en */ = {isa = PBXFileReference; lastKnownFileType = file.storyboard; name = en; path = en.lproj/MainStoryboard.storyboard; sourceTree = "<group>"; };
		5C224F0F14A97597005B6FF9 /* ViewController.h */ = {isa = PBXFileReference; path = ViewController.h; sourceTree = "<group>"; };
		5C224F1014A97597005B6FF9 /* ViewController.m */ = {isa = PBXFileReference; lastKnownFileType = sourcecode.c.objc; path = ViewController.m; sourceTree = "<group>"; };
/* End PBXFileReference section */

/* Begin PBXFrameworksBuildPhase section */
		5C224EF314A97597005B6FF9 /* Frameworks */ = {
			isa = PBXFrameworksBuildPhase;
			buildActionMask = 2147483647;
			files = (
				5C224EFB14A97597005B6FF9 /* UIKit.framework in Frameworks */,
				5C224EFD14A97597005B6FF9 /* Foundation.framework in Frameworks */,
				5C224EFF14A97597005B6FF9 /* CoreGraphics.framework in Frameworks */,
			);
			runOnlyForDeploymentPostprocessing = 0;
		};
/* End PBXFrameworksBuildPhase section */

/* Begin PBXGroup section */
		5C224EEB14A97597005B6FF9 = {
			isa = PBXGroup;
			children = (
				5C224F0014A97597005B6FF9 /* Tiny Tower Editor */,
				5C224EF914A97597005B6FF9 /* Frameworks */,
				5C224EF714A97597005B6FF9 /* Products */,
			);
			sourceTree = "<group>";
		};
		5C224EF714A97597005B6FF9 /* Products */ = {
			isa = PBXGroup;
			children = (
				5C224EF614A97597005B6FF9 /* Tiny Tower Editor.app */,
			);
			name = Products;
			sourceTree = "<group>";
		};
		5C224EF914A97597005B6FF9 /* Frameworks */ = {
			isa = PBXGroup;
			children = (
				5C224EFA14A97597005B6FF9 /* UIKit.framework */,
				5C224EFC14A97597005B6FF9 /* Foundation.framework */,
				5C224EFE14A97597005B6FF9 /* CoreGraphics.framework */,
			);
			name = Frameworks;
			sourceTree = "<group>";
		};
		5C224F0014A97597005B6FF9 /* Tiny Tower Editor */ = {
			isa = PBXGroup;
			children = (
				5C224F0914A97597005B6FF9 /* AppDelegate.h */,
				5C224F0A14A97597005B6FF9 /* AppDelegate.m */,
				5C224F0C14A97597005B6FF9 /* MainStoryboard.storyboard */,
				5C224F0F14A97597005B6FF9 /* ViewController.h */,
				5C224F1014A97597005B6FF9 /* ViewController.m */,
				5C224F0114A97597005B6FF9 /* Supporting Files */,
			);
			path = "Tiny Tower Editor";
			sourceTree = "<group>";
		};
		5C224F0114A97597005B6FF9 /* Supporting Files */ = {
			isa = PBXGroup;
			children = (
				5C224F0214A97597005B6FF9 /* Tiny Tower Editor-Info.plist */,
				5C224F0314A97597005B6FF9 /* InfoPlist.strings */,
				5C224F0614A97597005B6FF9 /* main.m */,
				5C224F0814A97597005B6FF9 /* Tiny Tower Editor-Prefix.pch */,
			);
			name = "Supporting Files";
			sourceTree = "<group>";
		};
/* End PBXGroup section */

/* Begin PBXNativeTarget section */
		5C224EF514A97597005B6FF9 /* Tiny Tower Editor */ = {
			isa = PBXNativeTarget;
			buildConfigurationList = 5C224F1414A97597005B6FF9 /* Build configuration list for PBXNativeTarget "Tiny Tower Editor" */;
			buildPhases = (
				5C224EF214A97597005B6FF9 /* Sources */,
				5C224EF314A97597005B6FF9 /* Frameworks */,
				5C224EF414A97597005B6FF9 /* Resources */,
			);
			buildRules = (
			);
			dependencies = (
			);
			name = "Tiny Tower Editor";
			productName = "Tiny Tower Editor";
			productReference = 5C224EF614A97597005B6FF9 /* Tiny Tower Editor.app */;
			productType = "com.apple.product-type.application";
		};
/* End PBXNativeTarget section */

/* Begin PBXProject section */
		5C224EED14A97597005B6FF9 /* Project object */ = {
			isa = PBXProject;
			attributes = {
				LastUpgradeCheck = 0420;
			};
			buildConfigurationList = 5C224EF014A97597005B6FF9 /* Build configuration list for PBXProject "Tiny Tower Editor" */;
			compatibilityVersion = "Xcode 3.2";
			developmentRegion = English;
			hasScannedForEncodings = 0;
			knownRegions = (
				en,
			);
			mainGroup = 5C224EEB14A97597005B6FF9;
			productRefGroup = 5C224EF714A97597005B6FF9 /* Products */;
			projectDirPath = "";
			projectRoot = "";
			targets = (
				5C224EF514A97597005B6FF9 /* Tiny Tower Editor */,
			);
		};
/* End PBXProject section */

/* Begin PBXResourcesBuildPhase section */
		5C224EF414A97597005B6FF9 /* Resources */ = {
			isa = PBXResourcesBuildPhase;
			buildActionMask = 2147483647;
			files = (
				5C224F0514A97597005B6FF9 /* InfoPlist.strings in Resources */,
				5C224F0E14A97597005B6FF9 /* MainStoryboard.storyboard in Resources */,
			);
			runOnlyForDeploymentPostprocessing = 0;
		};
/* End PBXResourcesBuildPhase section */

/* Begin PBXSourcesBuildPhase section */
		5C224EF214A97597005B6FF9 /* Sources */ = {
			isa = PBXSourcesBuildPhase;
			buildActionMask = 2147483647;
			files = (
				5C224F0714A97597005B6FF9 /* main.m in Sources */,
				5C224F0B14A97597005B6FF9 /* AppDelegate.m in Sources */,
				5C224F1114A97597005B6FF9 /* ViewController.m in Sources */,
			);
			runOnlyForDeploymentPostprocessing = 0;
		};
/* End PBXSourcesBuildPhase section */

/* Begin PBXVariantGroup section */
		5C224F0314A97597005B6FF9 /* InfoPlist.strings */ = {
			isa = PBXVariantGroup;
			children = (
				5C224F0414A97597005B6FF9 /* en */,
			);
			name = InfoPlist.strings;
			sourceTree = "<group>";
		};
		5C224F0C14A97597005B6FF9 /* MainStoryboard.storyboard */ = {
			isa = PBXVariantGroup;
			children = (
				5C224F0D14A97597005B6FF9 /* en */,
			);
			name = MainStoryboard.storyboard;
			sourceTree = "<group>";
		};
/* End PBXVariantGroup section */

/* Begin XCBuildConfiguration section */
		5C224F1214A97597005B6FF9 /* Debug */ = {
			isa = XCBuildConfiguration;
			buildSettings = {
				ALWAYS_SEARCH_USER_PATHS = NO;
				ARCHS = "$(ARCHS_STANDARD_32_BIT)";
				"CODE_SIGN_IDENTITY[sdk=iphoneos*]" = "iPhone Developer";
				COPY_PHASE_STRIP = NO;
				GCC_C_LANGUAGE_STANDARD = gnu99;
				GCC_DYNAMIC_NO_PIC = NO;
				GCC_OPTIMIZATION_LEVEL = 0;
				GCC_PREPROCESSOR_DEFINITIONS = (
					"DEBUG=1",
					"$(inherited)",
				);
				GCC_SYMBOLS_PRIVATE_EXTERN = NO;
				GCC_VERSION = com.apple.compilers.llvm.clang.1_0;
				GCC_WARN_ABOUT_MISSING_PROTOTYPES = YES;
				GCC_WARN_ABOUT_RETURN_TYPE = YES;
				GCC_WARN_UNUSED_VARIABLE = YES;
				IPHONEOS_DEPLOYMENT_TARGET = 5.0;
				SDKROOT = iphoneos;
			};
			name = Debug;
		};
		5C224F1314A97597005B6FF9 /* Release */ = {
			isa = XCBuildConfiguration;
			buildSettings = {
				ALWAYS_SEARCH_USER_PATHS = NO;
				ARCHS = "$(ARCHS_STANDARD_32_BIT)";
				"CODE_SIGN_IDENTITY[sdk=iphoneos*]" = "iPhone Developer";
				COPY_PHASE_STRIP = YES;
				GCC_C_LANGUAGE_STANDARD = gnu99;
				GCC_VERSION = com.apple.compilers.llvm.clang.1_0;
				GCC_WARN_ABOUT_MISSING_PROTOTYPES = YES;
				GCC_WARN_ABOUT_RETURN_TYPE = YES;
				GCC_WARN_UNUSED_VARIABLE = YES;
				IPHONEOS_DEPLOYMENT_TARGET = 5.0;
				OTHER_CFLAGS = "-DNS_BLOCK_ASSERTIONS=1";
				SDKROOT = iphoneos;
				VALIDATE_PRODUCT = YES;
			};
			name = Release;
		};
		5C224F1514A97597005B6FF9 /* Debug */ = {
			isa = XCBuildConfiguration;
			buildSettings = {
				GCC_PRECOMPILE_PREFIX_HEADER = YES;
				GCC_PREFIX_HEADER = "Tiny Tower Editor/Tiny Tower Editor-Prefix.pch";
				INFOPLIST_FILE = "Tiny Tower Editor/Tiny Tower Editor-Info.plist";
				PRODUCT_NAME = "$(TARGET_NAME)";
				WRAPPER_EXTENSION = app;
			};
			name = Debug;
		};
		5C224F1614A97597005B6FF9 /* Release */ = {
			isa = XCBuildConfiguration;
			buildSettings = {
				GCC_PRECOMPILE_PREFIX_HEADER = YES;
				GCC_PREFIX_HEADER = "Tiny Tower Editor/Tiny Tower Editor-Prefix.pch";
				INFOPLIST_FILE = "Tiny Tower Editor/Tiny Tower Editor-Info.plist";
				PRODUCT_NAME = "$(TARGET_NAME)";
				WRAPPER_EXTENSION = app;
			};
			name = Release;
		};
/* End XCBuildConfiguration section */

/* Begin XCConfigurationList section */
		5C224EF014A97597005B6FF9 /* Build configuration list for PBXProject "Tiny Tower Editor" */ = {
			isa = XCConfigurationList;
			buildConfigurations = (
				5C224F1214A97597005B6FF9 /* Debug */,
				5C224F1314A97597005B6FF9 /* Release */,
			);
			defaultConfigurationIsVisible = 0;
			defaultConfigurationName = Release;
		};
		5C224F1414A97597005B6FF9 /* Build configuration list for PBXNativeTarget "Tiny Tower Editor" */ = {
			isa = XCConfigurationList;
			buildConfigurations = (
				5C224F1514A97597005B6FF9 /* Debug */,
				5C224F1614A97597005B6FF9 /* Release */,
			);
			defaultConfigurationIsVisible = 0;
		};
/* End XCConfigurationList section */
	};
	rootObject = 5C224EED14A97597005B6FF9 /* Project object */;
}
